hash: a1a50af94c9cffb1446dd79dcdcc1d081173690af74f5f5d2ac4cba1512ff99f
updated: 2017-03-11T11:50:06.376112834-05:00
imports:
- name: github.com/antlr/antlr4
  version: aacd2a2c95816d8dc1c05814051d631bfec4cf3e
  subpackages:
  - runtime/Go/antlr
- name: github.com/hashicorp/errwrap
  version: 7554cd9344cec97297fa6649b055a8c98c2a1e55
- name: github.com/mspiegel/go-multierror
  version: 065aa648c994f1f905c52e38e9bb23f4c7848737
- name: github.com/shopspring/decimal
  version: 3526cd0bdb7f64e1178943b7dee81a0cc3d86a69
- name: github.com/wadey/gocovmerge
  version: b5bfa59ec0adc420475f97f89b58045c721d761c
- name: golang.org/x/tools
  version: f60b69ed8cd7a29e91f87050ae23a29581a0f367
  subpackages:
  - cmd/goimports
testImports: []
