hash: 0c76841a30304fa3b088196a69b61791e9d7e378e81268b94ae2467fef6232c2
updated: 2017-03-07T15:21:50.257051785-05:00
imports:
- name: github.com/mspiegel/go-multierror
  version: 47ac1e68327fe4112f7831bc917cf16294e4f7e2
- name: github.com/shopspring/decimal
  version: 3526cd0bdb7f64e1178943b7dee81a0cc3d86a69
testImports: []
